
Microsoft Visual Studio Solution File, Format Version 12.00
# Visual Studio 15
VisualStudioVersion = 15.0.27428.2015
MinimumVisualStudioVersion = 10.0.40219.1
Project("{FAE04EC0-301F-11D3-BF4B-00C04F79EFBC}") = "WindowsForms180330_2", "WindowsForms180330_2\WindowsForms180330_2.csproj", "{7A19B001-C08F-4706-80CF-283DC3530F39}"
EndProject
Global
	GlobalSection(SolutionConfigurationPlatforms) = preSolution
		Debug|Any CPU = Debug|Any CPU
		Release|Any CPU = Release|Any CPU
	EndGlobalSection
	GlobalSection(ProjectConfigurationPlatforms) = postSolution
		{7A19B001-C08F-4706-80CF-283DC3530F39}.Debug|Any CPU.ActiveCfg = Debug|Any CPU
		{7A19B001-C08F-4706-80CF-283DC3530F39}.Debug|Any CPU.Build.0 = Debug|Any CPU
		{7A19B001-C08F-4706-80CF-283DC3530F39}.Release|Any CPU.ActiveCfg = Release|Any CPU
		{7A19B001-C08F-4706-80CF-283DC3530F39}.Release|Any CPU.Build.0 = Release|Any CPU
	EndGlobalSection
	GlobalSection(SolutionProperties) = preSolution
		HideSolutionNode = FALSE
	EndGlobalSection
	GlobalSection(ExtensibilityGlobals) = postSolution
		SolutionGuid = {41487D8C-886E-42C1-B1EE-899322C00AE1}
	EndGlobalSection
EndGlobal
