
Microsoft Visual Studio Solution File, Format Version 12.00
# Visual Studio 15
VisualStudioVersion = 15.0.27428.2015
MinimumVisualStudioVersion = 10.0.40219.1
Project("{FAE04EC0-301F-11D3-BF4B-00C04F79EFBC}") = "CSharpStudy_hw1", "CSharpStudy_hw1\CSharpStudy_hw1.csproj", "{C9EFEA08-8683-4A87-80CA-ADB5156A50EF}"
EndProject
Global
	GlobalSection(SolutionConfigurationPlatforms) = preSolution
		Debug|Any CPU = Debug|Any CPU
		Release|Any CPU = Release|Any CPU
	EndGlobalSection
	GlobalSection(ProjectConfigurationPlatforms) = postSolution
		{C9EFEA08-8683-4A87-80CA-ADB5156A50EF}.Debug|Any CPU.ActiveCfg = Debug|Any CPU
		{C9EFEA08-8683-4A87-80CA-ADB5156A50EF}.Debug|Any CPU.Build.0 = Debug|Any CPU
		{C9EFEA08-8683-4A87-80CA-ADB5156A50EF}.Release|Any CPU.ActiveCfg = Release|Any CPU
		{C9EFEA08-8683-4A87-80CA-ADB5156A50EF}.Release|Any CPU.Build.0 = Release|Any CPU
	EndGlobalSection
	GlobalSection(SolutionProperties) = preSolution
		HideSolutionNode = FALSE
	EndGlobalSection
	GlobalSection(ExtensibilityGlobals) = postSolution
		SolutionGuid = {153712FC-16E4-4EF2-9581-3CF4F5531952}
	EndGlobalSection
EndGlobal
