
Microsoft Visual Studio Solution File, Format Version 12.00
# Visual Studio 15
VisualStudioVersion = 15.0.27428.2015
MinimumVisualStudioVersion = 10.0.40219.1
Project("{FAE04EC0-301F-11D3-BF4B-00C04F79EFBC}") = "WindowsForms180330", "WindowsForms180330\WindowsForms180330.csproj", "{8B838C43-BBE2-4D18-85DA-D25DB5B0A28D}"
EndProject
Global
	GlobalSection(SolutionConfigurationPlatforms) = preSolution
		Debug|Any CPU = Debug|Any CPU
		Release|Any CPU = Release|Any CPU
	EndGlobalSection
	GlobalSection(ProjectConfigurationPlatforms) = postSolution
		{8B838C43-BBE2-4D18-85DA-D25DB5B0A28D}.Debug|Any CPU.ActiveCfg = Debug|Any CPU
		{8B838C43-BBE2-4D18-85DA-D25DB5B0A28D}.Debug|Any CPU.Build.0 = Debug|Any CPU
		{8B838C43-BBE2-4D18-85DA-D25DB5B0A28D}.Release|Any CPU.ActiveCfg = Release|Any CPU
		{8B838C43-BBE2-4D18-85DA-D25DB5B0A28D}.Release|Any CPU.Build.0 = Release|Any CPU
	EndGlobalSection
	GlobalSection(SolutionProperties) = preSolution
		HideSolutionNode = FALSE
	EndGlobalSection
	GlobalSection(ExtensibilityGlobals) = postSolution
		SolutionGuid = {0129CB4E-7C19-49BD-988D-4CE18B4EED5B}
	EndGlobalSection
EndGlobal
