
Microsoft Visual Studio Solution File, Format Version 12.00
# Visual Studio 15
VisualStudioVersion = 15.0.27428.2015
MinimumVisualStudioVersion = 10.0.40219.1
Project("{FAE04EC0-301F-11D3-BF4B-00C04F79EFBC}") = "Explore", "Explore\Explore.csproj", "{B07ED71D-3C9E-4B3D-B569-B5F25855782B}"
EndProject
Global
	GlobalSection(SolutionConfigurationPlatforms) = preSolution
		Debug|Any CPU = Debug|Any CPU
		Release|Any CPU = Release|Any CPU
	EndGlobalSection
	GlobalSection(ProjectConfigurationPlatforms) = postSolution
		{B07ED71D-3C9E-4B3D-B569-B5F25855782B}.Debug|Any CPU.ActiveCfg = Debug|Any CPU
		{B07ED71D-3C9E-4B3D-B569-B5F25855782B}.Debug|Any CPU.Build.0 = Debug|Any CPU
		{B07ED71D-3C9E-4B3D-B569-B5F25855782B}.Release|Any CPU.ActiveCfg = Release|Any CPU
		{B07ED71D-3C9E-4B3D-B569-B5F25855782B}.Release|Any CPU.Build.0 = Release|Any CPU
	EndGlobalSection
	GlobalSection(SolutionProperties) = preSolution
		HideSolutionNode = FALSE
	EndGlobalSection
	GlobalSection(ExtensibilityGlobals) = postSolution
		SolutionGuid = {689C02A5-60F1-4D1A-AB0E-3A0551F781FE}
	EndGlobalSection
EndGlobal
