
Microsoft Visual Studio Solution File, Format Version 12.00
# Visual Studio 15
VisualStudioVersion = 15.0.27428.2015
MinimumVisualStudioVersion = 10.0.40219.1
Project("{FAE04EC0-301F-11D3-BF4B-00C04F79EFBC}") = "WindowsForms180330_3", "WindowsForms180330_3\WindowsForms180330_3.csproj", "{91AA4918-5512-4466-8FF1-683D722113AD}"
EndProject
Global
	GlobalSection(SolutionConfigurationPlatforms) = preSolution
		Debug|Any CPU = Debug|Any CPU
		Release|Any CPU = Release|Any CPU
	EndGlobalSection
	GlobalSection(ProjectConfigurationPlatforms) = postSolution
		{91AA4918-5512-4466-8FF1-683D722113AD}.Debug|Any CPU.ActiveCfg = Debug|Any CPU
		{91AA4918-5512-4466-8FF1-683D722113AD}.Debug|Any CPU.Build.0 = Debug|Any CPU
		{91AA4918-5512-4466-8FF1-683D722113AD}.Release|Any CPU.ActiveCfg = Release|Any CPU
		{91AA4918-5512-4466-8FF1-683D722113AD}.Release|Any CPU.Build.0 = Release|Any CPU
	EndGlobalSection
	GlobalSection(SolutionProperties) = preSolution
		HideSolutionNode = FALSE
	EndGlobalSection
	GlobalSection(ExtensibilityGlobals) = postSolution
		SolutionGuid = {542B266D-082B-492C-B42B-210B8A34BBDD}
	EndGlobalSection
EndGlobal
