
Microsoft Visual Studio Solution File, Format Version 12.00
# Visual Studio 15
VisualStudioVersion = 15.0.27428.2015
MinimumVisualStudioVersion = 10.0.40219.1
Project("{FAE04EC0-301F-11D3-BF4B-00C04F79EFBC}") = "WindowsForms180330_1", "WindowsForms180330_1\WindowsForms180330_1.csproj", "{1970368C-82D9-4C08-A9A7-99FF8B04EFE1}"
EndProject
Global
	GlobalSection(SolutionConfigurationPlatforms) = preSolution
		Debug|Any CPU = Debug|Any CPU
		Release|Any CPU = Release|Any CPU
	EndGlobalSection
	GlobalSection(ProjectConfigurationPlatforms) = postSolution
		{1970368C-82D9-4C08-A9A7-99FF8B04EFE1}.Debug|Any CPU.ActiveCfg = Debug|Any CPU
		{1970368C-82D9-4C08-A9A7-99FF8B04EFE1}.Debug|Any CPU.Build.0 = Debug|Any CPU
		{1970368C-82D9-4C08-A9A7-99FF8B04EFE1}.Release|Any CPU.ActiveCfg = Release|Any CPU
		{1970368C-82D9-4C08-A9A7-99FF8B04EFE1}.Release|Any CPU.Build.0 = Release|Any CPU
	EndGlobalSection
	GlobalSection(SolutionProperties) = preSolution
		HideSolutionNode = FALSE
	EndGlobalSection
	GlobalSection(ExtensibilityGlobals) = postSolution
		SolutionGuid = {5C486215-5B30-49AB-95EF-5E4944C1E89D}
	EndGlobalSection
EndGlobal
